
Microsoft Visual Studio Solution File, Format Version 12.00
# Visual Studio Version 17
VisualStudioVersion = 17.7.34031.279
MinimumVisualStudioVersion = 10.0.40219.1
Project("{9A19103F-16F7-4668-BE54-9A1E7A4F7556}") = "Image Printer GUI", "Image Printer GUI\Image Printer GUI.csproj", "{37093507-B924-4321-B85A-03F840E65D96}"
	ProjectSection(ProjectDependencies) = postProject
		{85CE806A-1CA0-40A0-A3FD-72515EE49DEB} = {85CE806A-1CA0-40A0-A3FD-72515EE49DEB}
	EndProjectSection
EndProject
Project("{9A19103F-16F7-4668-BE54-9A1E7A4F7556}") = "Image Printer", "Image Printer\Image Printer.csproj", "{85CE806A-1CA0-40A0-A3FD-72515EE49DEB}"
EndProject
Project("{9A19103F-16F7-4668-BE54-9A1E7A4F7556}") = "Image Resizer", "Image Resizer\Image Resizer.csproj", "{E8D83530-F302-424D-A664-C468B486577B}"
EndProject
Project("{9A19103F-16F7-4668-BE54-9A1E7A4F7556}") = "Image Printer WinUI", "Image Printer WinUI\Image Printer WinUI.csproj", "{FE9BC64D-6110-41CB-A9C4-50E8DB69359D}"
	ProjectSection(ProjectDependencies) = postProject
		{85CE806A-1CA0-40A0-A3FD-72515EE49DEB} = {85CE806A-1CA0-40A0-A3FD-72515EE49DEB}
	EndProjectSection
EndProject
Project("{9A19103F-16F7-4668-BE54-9A1E7A4F7556}") = "Video Printer", "Video Printer\Video Printer.csproj", "{D3362273-D2B3-48FC-BC51-8197427C2261}"
	ProjectSection(ProjectDependencies) = postProject
		{85CE806A-1CA0-40A0-A3FD-72515EE49DEB} = {85CE806A-1CA0-40A0-A3FD-72515EE49DEB}
	EndProjectSection
EndProject
Project("{2150E333-8FDC-42A3-9474-1A3956D46DE8}") = "Solution Items", "Solution Items", "{53B34635-7FE3-4B5C-895E-49192A8384C2}"
	ProjectSection(SolutionItems) = preProject
		.editorconfig = .editorconfig
	EndProjectSection
EndProject
Project("{FAE04EC0-301F-11D3-BF4B-00C04F79EFBC}") = "Un Text Filer", "Un Text Filer\Un Text Filer.csproj", "{FF827A23-AFCB-44FF-8685-656CA483C818}"
EndProject
Global
	GlobalSection(SolutionConfigurationPlatforms) = preSolution
		Debug|Any CPU = Debug|Any CPU
		Debug|ARM64 = Debug|ARM64
		Debug|x64 = Debug|x64
		Debug|x86 = Debug|x86
		Release|Any CPU = Release|Any CPU
		Release|ARM64 = Release|ARM64
		Release|x64 = Release|x64
		Release|x86 = Release|x86
	EndGlobalSection
	GlobalSection(ProjectConfigurationPlatforms) = postSolution
		{37093507-B924-4321-B85A-03F840E65D96}.Debug|Any CPU.ActiveCfg = Debug|Any CPU
		{37093507-B924-4321-B85A-03F840E65D96}.Debug|Any CPU.Build.0 = Debug|Any CPU
		{37093507-B924-4321-B85A-03F840E65D96}.Debug|ARM64.ActiveCfg = Debug|Any CPU
		{37093507-B924-4321-B85A-03F840E65D96}.Debug|ARM64.Build.0 = Debug|Any CPU
		{37093507-B924-4321-B85A-03F840E65D96}.Debug|x64.ActiveCfg = Debug|Any CPU
		{37093507-B924-4321-B85A-03F840E65D96}.Debug|x64.Build.0 = Debug|Any CPU
		{37093507-B924-4321-B85A-03F840E65D96}.Debug|x86.ActiveCfg = Debug|Any CPU
		{37093507-B924-4321-B85A-03F840E65D96}.Debug|x86.Build.0 = Debug|Any CPU
		{37093507-B924-4321-B85A-03F840E65D96}.Release|Any CPU.ActiveCfg = Release|Any CPU
		{37093507-B924-4321-B85A-03F840E65D96}.Release|Any CPU.Build.0 = Release|Any CPU
		{37093507-B924-4321-B85A-03F840E65D96}.Release|ARM64.ActiveCfg = Release|Any CPU
		{37093507-B924-4321-B85A-03F840E65D96}.Release|ARM64.Build.0 = Release|Any CPU
		{37093507-B924-4321-B85A-03F840E65D96}.Release|x64.ActiveCfg = Release|Any CPU
		{37093507-B924-4321-B85A-03F840E65D96}.Release|x64.Build.0 = Release|Any CPU
		{37093507-B924-4321-B85A-03F840E65D96}.Release|x86.ActiveCfg = Release|Any CPU
		{37093507-B924-4321-B85A-03F840E65D96}.Release|x86.Build.0 = Release|Any CPU
		{85CE806A-1CA0-40A0-A3FD-72515EE49DEB}.Debug|Any CPU.ActiveCfg = Debug|Any CPU
		{85CE806A-1CA0-40A0-A3FD-72515EE49DEB}.Debug|Any CPU.Build.0 = Debug|Any CPU
		{85CE806A-1CA0-40A0-A3FD-72515EE49DEB}.Debug|ARM64.ActiveCfg = Debug|Any CPU
		{85CE806A-1CA0-40A0-A3FD-72515EE49DEB}.Debug|ARM64.Build.0 = Debug|Any CPU
		{85CE806A-1CA0-40A0-A3FD-72515EE49DEB}.Debug|x64.ActiveCfg = Debug|Any CPU
		{85CE806A-1CA0-40A0-A3FD-72515EE49DEB}.Debug|x64.Build.0 = Debug|Any CPU
		{85CE806A-1CA0-40A0-A3FD-72515EE49DEB}.Debug|x86.ActiveCfg = Debug|Any CPU
		{85CE806A-1CA0-40A0-A3FD-72515EE49DEB}.Debug|x86.Build.0 = Debug|Any CPU
		{85CE806A-1CA0-40A0-A3FD-72515EE49DEB}.Release|Any CPU.ActiveCfg = Release|Any CPU
		{85CE806A-1CA0-40A0-A3FD-72515EE49DEB}.Release|Any CPU.Build.0 = Release|Any CPU
		{85CE806A-1CA0-40A0-A3FD-72515EE49DEB}.Release|ARM64.ActiveCfg = Release|Any CPU
		{85CE806A-1CA0-40A0-A3FD-72515EE49DEB}.Release|ARM64.Build.0 = Release|Any CPU
		{85CE806A-1CA0-40A0-A3FD-72515EE49DEB}.Release|x64.ActiveCfg = Release|Any CPU
		{85CE806A-1CA0-40A0-A3FD-72515EE49DEB}.Release|x64.Build.0 = Release|Any CPU
		{85CE806A-1CA0-40A0-A3FD-72515EE49DEB}.Release|x86.ActiveCfg = Release|Any CPU
		{85CE806A-1CA0-40A0-A3FD-72515EE49DEB}.Release|x86.Build.0 = Release|Any CPU
		{E8D83530-F302-424D-A664-C468B486577B}.Debug|Any CPU.ActiveCfg = Debug|Any CPU
		{E8D83530-F302-424D-A664-C468B486577B}.Debug|Any CPU.Build.0 = Debug|Any CPU
		{E8D83530-F302-424D-A664-C468B486577B}.Debug|ARM64.ActiveCfg = Debug|Any CPU
		{E8D83530-F302-424D-A664-C468B486577B}.Debug|ARM64.Build.0 = Debug|Any CPU
		{E8D83530-F302-424D-A664-C468B486577B}.Debug|x64.ActiveCfg = Debug|Any CPU
		{E8D83530-F302-424D-A664-C468B486577B}.Debug|x64.Build.0 = Debug|Any CPU
		{E8D83530-F302-424D-A664-C468B486577B}.Debug|x86.ActiveCfg = Debug|Any CPU
		{E8D83530-F302-424D-A664-C468B486577B}.Debug|x86.Build.0 = Debug|Any CPU
		{E8D83530-F302-424D-A664-C468B486577B}.Release|Any CPU.ActiveCfg = Release|Any CPU
		{E8D83530-F302-424D-A664-C468B486577B}.Release|Any CPU.Build.0 = Release|Any CPU
		{E8D83530-F302-424D-A664-C468B486577B}.Release|ARM64.ActiveCfg = Release|Any CPU
		{E8D83530-F302-424D-A664-C468B486577B}.Release|ARM64.Build.0 = Release|Any CPU
		{E8D83530-F302-424D-A664-C468B486577B}.Release|x64.ActiveCfg = Release|Any CPU
		{E8D83530-F302-424D-A664-C468B486577B}.Release|x64.Build.0 = Release|Any CPU
		{E8D83530-F302-424D-A664-C468B486577B}.Release|x86.ActiveCfg = Release|Any CPU
		{E8D83530-F302-424D-A664-C468B486577B}.Release|x86.Build.0 = Release|Any CPU
		{FE9BC64D-6110-41CB-A9C4-50E8DB69359D}.Debug|Any CPU.ActiveCfg = Debug|x64
		{FE9BC64D-6110-41CB-A9C4-50E8DB69359D}.Debug|Any CPU.Build.0 = Debug|x64
		{FE9BC64D-6110-41CB-A9C4-50E8DB69359D}.Debug|Any CPU.Deploy.0 = Debug|x64
		{FE9BC64D-6110-41CB-A9C4-50E8DB69359D}.Debug|ARM64.ActiveCfg = Debug|ARM64
		{FE9BC64D-6110-41CB-A9C4-50E8DB69359D}.Debug|ARM64.Build.0 = Debug|ARM64
		{FE9BC64D-6110-41CB-A9C4-50E8DB69359D}.Debug|ARM64.Deploy.0 = Debug|ARM64
		{FE9BC64D-6110-41CB-A9C4-50E8DB69359D}.Debug|x64.ActiveCfg = Debug|x64
		{FE9BC64D-6110-41CB-A9C4-50E8DB69359D}.Debug|x64.Build.0 = Debug|x64
		{FE9BC64D-6110-41CB-A9C4-50E8DB69359D}.Debug|x64.Deploy.0 = Debug|x64
		{FE9BC64D-6110-41CB-A9C4-50E8DB69359D}.Debug|x86.ActiveCfg = Debug|x86
		{FE9BC64D-6110-41CB-A9C4-50E8DB69359D}.Debug|x86.Build.0 = Debug|x86
		{FE9BC64D-6110-41CB-A9C4-50E8DB69359D}.Debug|x86.Deploy.0 = Debug|x86
		{FE9BC64D-6110-41CB-A9C4-50E8DB69359D}.Release|Any CPU.ActiveCfg = Release|x64
		{FE9BC64D-6110-41CB-A9C4-50E8DB69359D}.Release|Any CPU.Build.0 = Release|x64
		{FE9BC64D-6110-41CB-A9C4-50E8DB69359D}.Release|Any CPU.Deploy.0 = Release|x64
		{FE9BC64D-6110-41CB-A9C4-50E8DB69359D}.Release|ARM64.ActiveCfg = Release|ARM64
		{FE9BC64D-6110-41CB-A9C4-50E8DB69359D}.Release|ARM64.Build.0 = Release|ARM64
		{FE9BC64D-6110-41CB-A9C4-50E8DB69359D}.Release|ARM64.Deploy.0 = Release|ARM64
		{FE9BC64D-6110-41CB-A9C4-50E8DB69359D}.Release|x64.ActiveCfg = Release|x64
		{FE9BC64D-6110-41CB-A9C4-50E8DB69359D}.Release|x64.Build.0 = Release|x64
		{FE9BC64D-6110-41CB-A9C4-50E8DB69359D}.Release|x64.Deploy.0 = Release|x64
		{FE9BC64D-6110-41CB-A9C4-50E8DB69359D}.Release|x86.ActiveCfg = Release|x86
		{FE9BC64D-6110-41CB-A9C4-50E8DB69359D}.Release|x86.Build.0 = Release|x86
		{FE9BC64D-6110-41CB-A9C4-50E8DB69359D}.Release|x86.Deploy.0 = Release|x86
		{D3362273-D2B3-48FC-BC51-8197427C2261}.Debug|Any CPU.ActiveCfg = Debug|Any CPU
		{D3362273-D2B3-48FC-BC51-8197427C2261}.Debug|Any CPU.Build.0 = Debug|Any CPU
		{D3362273-D2B3-48FC-BC51-8197427C2261}.Debug|ARM64.ActiveCfg = Debug|Any CPU
		{D3362273-D2B3-48FC-BC51-8197427C2261}.Debug|ARM64.Build.0 = Debug|Any CPU
		{D3362273-D2B3-48FC-BC51-8197427C2261}.Debug|x64.ActiveCfg = Debug|Any CPU
		{D3362273-D2B3-48FC-BC51-8197427C2261}.Debug|x64.Build.0 = Debug|Any CPU
		{D3362273-D2B3-48FC-BC51-8197427C2261}.Debug|x86.ActiveCfg = Debug|Any CPU
		{D3362273-D2B3-48FC-BC51-8197427C2261}.Debug|x86.Build.0 = Debug|Any CPU
		{D3362273-D2B3-48FC-BC51-8197427C2261}.Release|Any CPU.ActiveCfg = Release|Any CPU
		{D3362273-D2B3-48FC-BC51-8197427C2261}.Release|Any CPU.Build.0 = Release|Any CPU
		{D3362273-D2B3-48FC-BC51-8197427C2261}.Release|ARM64.ActiveCfg = Release|Any CPU
		{D3362273-D2B3-48FC-BC51-8197427C2261}.Release|ARM64.Build.0 = Release|Any CPU
		{D3362273-D2B3-48FC-BC51-8197427C2261}.Release|x64.ActiveCfg = Release|Any CPU
		{D3362273-D2B3-48FC-BC51-8197427C2261}.Release|x64.Build.0 = Release|Any CPU
		{D3362273-D2B3-48FC-BC51-8197427C2261}.Release|x86.ActiveCfg = Release|Any CPU
		{D3362273-D2B3-48FC-BC51-8197427C2261}.Release|x86.Build.0 = Release|Any CPU
		{FF827A23-AFCB-44FF-8685-656CA483C818}.Debug|Any CPU.ActiveCfg = Debug|Any CPU
		{FF827A23-AFCB-44FF-8685-656CA483C818}.Debug|Any CPU.Build.0 = Debug|Any CPU
		{FF827A23-AFCB-44FF-8685-656CA483C818}.Debug|ARM64.ActiveCfg = Debug|Any CPU
		{FF827A23-AFCB-44FF-8685-656CA483C818}.Debug|ARM64.Build.0 = Debug|Any CPU
		{FF827A23-AFCB-44FF-8685-656CA483C818}.Debug|x64.ActiveCfg = Debug|Any CPU
		{FF827A23-AFCB-44FF-8685-656CA483C818}.Debug|x64.Build.0 = Debug|Any CPU
		{FF827A23-AFCB-44FF-8685-656CA483C818}.Debug|x86.ActiveCfg = Debug|Any CPU
		{FF827A23-AFCB-44FF-8685-656CA483C818}.Debug|x86.Build.0 = Debug|Any CPU
		{FF827A23-AFCB-44FF-8685-656CA483C818}.Release|Any CPU.ActiveCfg = Release|Any CPU
		{FF827A23-AFCB-44FF-8685-656CA483C818}.Release|Any CPU.Build.0 = Release|Any CPU
		{FF827A23-AFCB-44FF-8685-656CA483C818}.Release|ARM64.ActiveCfg = Release|Any CPU
		{FF827A23-AFCB-44FF-8685-656CA483C818}.Release|ARM64.Build.0 = Release|Any CPU
		{FF827A23-AFCB-44FF-8685-656CA483C818}.Release|x64.ActiveCfg = Release|Any CPU
		{FF827A23-AFCB-44FF-8685-656CA483C818}.Release|x64.Build.0 = Release|Any CPU
		{FF827A23-AFCB-44FF-8685-656CA483C818}.Release|x86.ActiveCfg = Release|Any CPU
		{FF827A23-AFCB-44FF-8685-656CA483C818}.Release|x86.Build.0 = Release|Any CPU
	EndGlobalSection
	GlobalSection(SolutionProperties) = preSolution
		HideSolutionNode = FALSE
	EndGlobalSection
	GlobalSection(ExtensibilityGlobals) = postSolution
		SolutionGuid = {EF232CF8-EAD1-42C8-AE00-E939100E73D7}
	EndGlobalSection
EndGlobal
